
Microsoft Visual Studio Solution File, Format Version 12.00
# Visual Studio 15
VisualStudioVersion = 15.0.27130.2027
MinimumVisualStudioVersion = 10.0.40219.1
Project("{FAE04EC0-301F-11D3-BF4B-00C04F79EFBC}") = "HotelskaRecepcija", "HotelskaRecepcija\HotelskaRecepcija.csproj", "{B3573D27-7794-4DBC-B1CC-4275614B6E4D}"
EndProject
Global
	GlobalSection(SolutionConfigurationPlatforms) = preSolution
		Debug|Any CPU = Debug|Any CPU
		Release|Any CPU = Release|Any CPU
	EndGlobalSection
	GlobalSection(ProjectConfigurationPlatforms) = postSolution
		{B3573D27-7794-4DBC-B1CC-4275614B6E4D}.Debug|Any CPU.ActiveCfg = Debug|Any CPU
		{B3573D27-7794-4DBC-B1CC-4275614B6E4D}.Debug|Any CPU.Build.0 = Debug|Any CPU
		{B3573D27-7794-4DBC-B1CC-4275614B6E4D}.Release|Any CPU.ActiveCfg = Release|Any CPU
		{B3573D27-7794-4DBC-B1CC-4275614B6E4D}.Release|Any CPU.Build.0 = Release|Any CPU
	EndGlobalSection
	GlobalSection(SolutionProperties) = preSolution
		HideSolutionNode = FALSE
	EndGlobalSection
	GlobalSection(ExtensibilityGlobals) = postSolution
		SolutionGuid = {C2F0F2DA-A7D3-46CF-8E91-14B3A8420A16}
	EndGlobalSection
EndGlobal
